
Microsoft Visual Studio Solution File, Format Version 12.00
# Visual Studio 14
VisualStudioVersion = 14.0.25420.1
MinimumVisualStudioVersion = 10.0.40219.1
Project("{FAE04EC0-301F-11D3-BF4B-00C04F79EFBC}") = "ChilliSource.Cloud.Web.Api", "src\ChilliSource.Cloud.WebApi\ChilliSource.Cloud.Web.Api.csproj", "{435C2926-2B1A-4820-8335-FA630B095CEF}"
EndProject
Project("{FAE04EC0-301F-11D3-BF4B-00C04F79EFBC}") = "ChilliSource.Cloud.Web.MVC", "src\ChilliSource.Cloud.MVC\ChilliSource.Cloud.Web.MVC.csproj", "{DE1BFC12-AFBD-42FF-B558-1F574515A7D4}"
EndProject
Project("{FAE04EC0-301F-11D3-BF4B-00C04F79EFBC}") = "ChilliSource.Cloud.Tests", "src\ChilliSource.Cloud.Tests\ChilliSource.Cloud.Tests.csproj", "{21B7E1D8-C113-4016-B3EB-83F22DE438C3}"
EndProject
Project("{FAE04EC0-301F-11D3-BF4B-00C04F79EFBC}") = "ChilliSource.Cloud.Web", "src\ChilliSource.Cloud.Web\ChilliSource.Cloud.Web.csproj", "{BC9BA260-0727-4E29-8144-16518AC87A45}"
EndProject
Project("{FAE04EC0-301F-11D3-BF4B-00C04F79EFBC}") = "ChilliSource.Cloud.Ninject", "src\ChilliSource.Cloud.Ninject\ChilliSource.Cloud.Ninject.csproj", "{79673AA5-86F7-4F21-8B8D-7258CDF2B268}"
EndProject
Project("{FAE04EC0-301F-11D3-BF4B-00C04F79EFBC}") = "ChilliSource.Cloud.Azure", "src\ChilliSource.Cloud.Azure\ChilliSource.Cloud.Azure.csproj", "{CCEC199E-8D7A-4A0E-B9D8-A4643848B6EF}"
EndProject
Project("{FAE04EC0-301F-11D3-BF4B-00C04F79EFBC}") = "ChilliSource.Cloud.AWS", "src\ChilliSource.Cloud.AWS\ChilliSource.Cloud.AWS.csproj", "{BDA57CF6-2C62-4777-8ADE-B1C15800CDFC}"
EndProject
Project("{FAE04EC0-301F-11D3-BF4B-00C04F79EFBC}") = "ChilliSource.Cloud.Core", "src\ChilliSource.Cloud.Core\ChilliSource.Cloud.Core.csproj", "{D31AF431-8704-4B2E-A8D3-A36F74442424}"
EndProject
Global
	GlobalSection(SolutionConfigurationPlatforms) = preSolution
		Debug|Any CPU = Debug|Any CPU
		Release|Any CPU = Release|Any CPU
	EndGlobalSection
	GlobalSection(ProjectConfigurationPlatforms) = postSolution
		{435C2926-2B1A-4820-8335-FA630B095CEF}.Debug|Any CPU.ActiveCfg = Debug|Any CPU
		{435C2926-2B1A-4820-8335-FA630B095CEF}.Debug|Any CPU.Build.0 = Debug|Any CPU
		{435C2926-2B1A-4820-8335-FA630B095CEF}.Release|Any CPU.ActiveCfg = Release|Any CPU
		{435C2926-2B1A-4820-8335-FA630B095CEF}.Release|Any CPU.Build.0 = Release|Any CPU
		{DE1BFC12-AFBD-42FF-B558-1F574515A7D4}.Debug|Any CPU.ActiveCfg = Debug|Any CPU
		{DE1BFC12-AFBD-42FF-B558-1F574515A7D4}.Debug|Any CPU.Build.0 = Debug|Any CPU
		{DE1BFC12-AFBD-42FF-B558-1F574515A7D4}.Release|Any CPU.ActiveCfg = Release|Any CPU
		{DE1BFC12-AFBD-42FF-B558-1F574515A7D4}.Release|Any CPU.Build.0 = Release|Any CPU
		{21B7E1D8-C113-4016-B3EB-83F22DE438C3}.Debug|Any CPU.ActiveCfg = Debug|Any CPU
		{21B7E1D8-C113-4016-B3EB-83F22DE438C3}.Debug|Any CPU.Build.0 = Debug|Any CPU
		{21B7E1D8-C113-4016-B3EB-83F22DE438C3}.Release|Any CPU.ActiveCfg = Release|Any CPU
		{21B7E1D8-C113-4016-B3EB-83F22DE438C3}.Release|Any CPU.Build.0 = Release|Any CPU
		{BC9BA260-0727-4E29-8144-16518AC87A45}.Debug|Any CPU.ActiveCfg = Debug|Any CPU
		{BC9BA260-0727-4E29-8144-16518AC87A45}.Debug|Any CPU.Build.0 = Debug|Any CPU
		{BC9BA260-0727-4E29-8144-16518AC87A45}.Release|Any CPU.ActiveCfg = Release|Any CPU
		{BC9BA260-0727-4E29-8144-16518AC87A45}.Release|Any CPU.Build.0 = Release|Any CPU
		{79673AA5-86F7-4F21-8B8D-7258CDF2B268}.Debug|Any CPU.ActiveCfg = Debug|Any CPU
		{79673AA5-86F7-4F21-8B8D-7258CDF2B268}.Debug|Any CPU.Build.0 = Debug|Any CPU
		{79673AA5-86F7-4F21-8B8D-7258CDF2B268}.Release|Any CPU.ActiveCfg = Release|Any CPU
		{79673AA5-86F7-4F21-8B8D-7258CDF2B268}.Release|Any CPU.Build.0 = Release|Any CPU
		{CCEC199E-8D7A-4A0E-B9D8-A4643848B6EF}.Debug|Any CPU.ActiveCfg = Debug|Any CPU
		{CCEC199E-8D7A-4A0E-B9D8-A4643848B6EF}.Debug|Any CPU.Build.0 = Debug|Any CPU
		{CCEC199E-8D7A-4A0E-B9D8-A4643848B6EF}.Release|Any CPU.ActiveCfg = Release|Any CPU
		{CCEC199E-8D7A-4A0E-B9D8-A4643848B6EF}.Release|Any CPU.Build.0 = Release|Any CPU
		{BDA57CF6-2C62-4777-8ADE-B1C15800CDFC}.Debug|Any CPU.ActiveCfg = Debug|Any CPU
		{BDA57CF6-2C62-4777-8ADE-B1C15800CDFC}.Debug|Any CPU.Build.0 = Debug|Any CPU
		{BDA57CF6-2C62-4777-8ADE-B1C15800CDFC}.Release|Any CPU.ActiveCfg = Release|Any CPU
		{BDA57CF6-2C62-4777-8ADE-B1C15800CDFC}.Release|Any CPU.Build.0 = Release|Any CPU
		{D31AF431-8704-4B2E-A8D3-A36F74442424}.Debug|Any CPU.ActiveCfg = Debug|Any CPU
		{D31AF431-8704-4B2E-A8D3-A36F74442424}.Debug|Any CPU.Build.0 = Debug|Any CPU
		{D31AF431-8704-4B2E-A8D3-A36F74442424}.Release|Any CPU.ActiveCfg = Release|Any CPU
		{D31AF431-8704-4B2E-A8D3-A36F74442424}.Release|Any CPU.Build.0 = Release|Any CPU
	EndGlobalSection
	GlobalSection(SolutionProperties) = preSolution
		HideSolutionNode = FALSE
	EndGlobalSection
	GlobalSection(ExtensibilityGlobals) = postSolution
		EnterpriseLibraryConfigurationToolBinariesPathV6 = packages\EnterpriseLibrary.TransientFaultHandling.6.0.1304.0\lib\portable-net45+win+wp8;packages\EnterpriseLibrary.TransientFaultHandling.Data.6.0.1304.1\lib\NET45
	EndGlobalSection
EndGlobal
