
Microsoft Visual Studio Solution File, Format Version 12.00
# Visual Studio 15
VisualStudioVersion = 15.0.26228.9
MinimumVisualStudioVersion = 10.0.40219.1
Project("{FAE04EC0-301F-11D3-BF4B-00C04F79EFBC}") = "ChilliSource.Cloud.Core", "ChilliSource.Cloud.Core\ChilliSource.Cloud.Core.csproj", "{F57A0CB4-C037-41CA-B9F5-9C8903617697}"
EndProject
Project("{FAE04EC0-301F-11D3-BF4B-00C04F79EFBC}") = "ChilliSource.Cloud.Core.Tests", "ChilliSource.Cloud.Core.Tests\ChilliSource.Cloud.Core.Tests.csproj", "{93C3202A-429D-43B9-8FF2-A75F25F39AE5}"
EndProject
Global
	GlobalSection(SolutionConfigurationPlatforms) = preSolution
		Debug|Any CPU = Debug|Any CPU
		Release|Any CPU = Release|Any CPU
	EndGlobalSection
	GlobalSection(ProjectConfigurationPlatforms) = postSolution
		{F57A0CB4-C037-41CA-B9F5-9C8903617697}.Debug|Any CPU.ActiveCfg = Debug|Any CPU
		{F57A0CB4-C037-41CA-B9F5-9C8903617697}.Debug|Any CPU.Build.0 = Debug|Any CPU
		{F57A0CB4-C037-41CA-B9F5-9C8903617697}.Release|Any CPU.ActiveCfg = Release|Any CPU
		{F57A0CB4-C037-41CA-B9F5-9C8903617697}.Release|Any CPU.Build.0 = Release|Any CPU
		{93C3202A-429D-43B9-8FF2-A75F25F39AE5}.Debug|Any CPU.ActiveCfg = Debug|Any CPU
		{93C3202A-429D-43B9-8FF2-A75F25F39AE5}.Debug|Any CPU.Build.0 = Debug|Any CPU
		{93C3202A-429D-43B9-8FF2-A75F25F39AE5}.Release|Any CPU.ActiveCfg = Release|Any CPU
		{93C3202A-429D-43B9-8FF2-A75F25F39AE5}.Release|Any CPU.Build.0 = Release|Any CPU
	EndGlobalSection
	GlobalSection(SolutionProperties) = preSolution
		HideSolutionNode = FALSE
	EndGlobalSection
EndGlobal
